
Microsoft Visual Studio Solution File, Format Version 12.00
# Visual Studio Version 16
VisualStudioVersion = 16.0.31911.196
MinimumVisualStudioVersion = 10.0.40219.1
Project("{FAE04EC0-301F-11D3-BF4B-00C04F79EFBC}") = "PetStay", "PetStay.csproj", "{DE59A74B-F9D9-4822-BEF9-287C664BD5A9}"
EndProject
Global
	GlobalSection(SolutionConfigurationPlatforms) = preSolution
		Debug|Any CPU = Debug|Any CPU
		Release|Any CPU = Release|Any CPU
	EndGlobalSection
	GlobalSection(ProjectConfigurationPlatforms) = postSolution
		{DE59A74B-F9D9-4822-BEF9-287C664BD5A9}.Debug|Any CPU.ActiveCfg = Debug|Any CPU
		{DE59A74B-F9D9-4822-BEF9-287C664BD5A9}.Debug|Any CPU.Build.0 = Debug|Any CPU
		{DE59A74B-F9D9-4822-BEF9-287C664BD5A9}.Release|Any CPU.ActiveCfg = Release|Any CPU
		{DE59A74B-F9D9-4822-BEF9-287C664BD5A9}.Release|Any CPU.Build.0 = Release|Any CPU
	EndGlobalSection
	GlobalSection(SolutionProperties) = preSolution
		HideSolutionNode = FALSE
	EndGlobalSection
	GlobalSection(ExtensibilityGlobals) = postSolution
		SolutionGuid = {03B473F4-0A59-4DB4-B27A-CC4994F85C88}
	EndGlobalSection
EndGlobal
